
Microsoft Visual Studio Solution File, Format Version 12.00
# Visual Studio Version 17
VisualStudioVersion = 17.8.34330.188
MinimumVisualStudioVersion = 10.0.40219.1
Project("{FAE04EC0-301F-11D3-BF4B-00C04F79EFBC}") = "ReadyTech", "ReadyTech\ReadyTech.csproj", "{772E0AA4-780D-44C0-9980-DFA19C81DC06}"
EndProject
Project("{FAE04EC0-301F-11D3-BF4B-00C04F79EFBC}") = "UnitTests", "UnitTests\UnitTests.csproj", "{4BBB1033-833B-43A5-AFC3-438EE850EBC4}"
EndProject
Project("{FAE04EC0-301F-11D3-BF4B-00C04F79EFBC}") = "IntegrationTests", "IntegrationTests\IntegrationTests.csproj", "{846082D1-D489-4AC9-8B0B-E1F258C8CB91}"
EndProject
Global
	GlobalSection(SolutionConfigurationPlatforms) = preSolution
		Debug|Any CPU = Debug|Any CPU
		Release|Any CPU = Release|Any CPU
	EndGlobalSection
	GlobalSection(ProjectConfigurationPlatforms) = postSolution
		{772E0AA4-780D-44C0-9980-DFA19C81DC06}.Debug|Any CPU.ActiveCfg = Debug|Any CPU
		{772E0AA4-780D-44C0-9980-DFA19C81DC06}.Debug|Any CPU.Build.0 = Debug|Any CPU
		{772E0AA4-780D-44C0-9980-DFA19C81DC06}.Release|Any CPU.ActiveCfg = Release|Any CPU
		{772E0AA4-780D-44C0-9980-DFA19C81DC06}.Release|Any CPU.Build.0 = Release|Any CPU
		{4BBB1033-833B-43A5-AFC3-438EE850EBC4}.Debug|Any CPU.ActiveCfg = Debug|Any CPU
		{4BBB1033-833B-43A5-AFC3-438EE850EBC4}.Debug|Any CPU.Build.0 = Debug|Any CPU
		{4BBB1033-833B-43A5-AFC3-438EE850EBC4}.Release|Any CPU.ActiveCfg = Release|Any CPU
		{4BBB1033-833B-43A5-AFC3-438EE850EBC4}.Release|Any CPU.Build.0 = Release|Any CPU
		{846082D1-D489-4AC9-8B0B-E1F258C8CB91}.Debug|Any CPU.ActiveCfg = Debug|Any CPU
		{846082D1-D489-4AC9-8B0B-E1F258C8CB91}.Debug|Any CPU.Build.0 = Debug|Any CPU
		{846082D1-D489-4AC9-8B0B-E1F258C8CB91}.Release|Any CPU.ActiveCfg = Release|Any CPU
		{846082D1-D489-4AC9-8B0B-E1F258C8CB91}.Release|Any CPU.Build.0 = Release|Any CPU
	EndGlobalSection
	GlobalSection(SolutionProperties) = preSolution
		HideSolutionNode = FALSE
	EndGlobalSection
	GlobalSection(ExtensibilityGlobals) = postSolution
		SolutionGuid = {76A7E42B-E1B1-419C-B2E1-760CA2ED0BE9}
	EndGlobalSection
EndGlobal
